
Microsoft Visual Studio Solution File, Format Version 12.00
# Visual Studio Version 17
VisualStudioVersion = 17.5.002.0
MinimumVisualStudioVersion = 10.0.40219.1
Project("{9A19103F-16F7-4668-BE54-9A1E7A4F7556}") = "Candidates.Backend.Auth", "Candidates.Backend.Auth.csproj", "{5EE11042-1553-4BD2-979C-4299768C5EF9}"
EndProject
Global
	GlobalSection(SolutionConfigurationPlatforms) = preSolution
		Debug|Any CPU = Debug|Any CPU
		Release|Any CPU = Release|Any CPU
	EndGlobalSection
	GlobalSection(ProjectConfigurationPlatforms) = postSolution
		{5EE11042-1553-4BD2-979C-4299768C5EF9}.Debug|Any CPU.ActiveCfg = Debug|Any CPU
		{5EE11042-1553-4BD2-979C-4299768C5EF9}.Debug|Any CPU.Build.0 = Debug|Any CPU
		{5EE11042-1553-4BD2-979C-4299768C5EF9}.Release|Any CPU.ActiveCfg = Release|Any CPU
		{5EE11042-1553-4BD2-979C-4299768C5EF9}.Release|Any CPU.Build.0 = Release|Any CPU
	EndGlobalSection
	GlobalSection(SolutionProperties) = preSolution
		HideSolutionNode = FALSE
	EndGlobalSection
	GlobalSection(ExtensibilityGlobals) = postSolution
		SolutionGuid = {839D5122-1D49-418E-9ECC-17D434778FE3}
	EndGlobalSection
EndGlobal
